<Solution>
  <Folder Name="/Solution Items/">
    <File Path=".gitignore" />
  </Folder>
  <Project Path="../../../../../../../../BankAccountTraining/LeetCode/3Sum/3Sum.csproj" Id="6216b144-33de-4161-97e5-919517bc3948" />
  <Project Path="../../../../../../../../BankAccountTraining/LeetCode/ContainerWater/ContainerWater.csproj" />
  <Project Path="../../../../../../../../BankAccountTraining/LeetCode/Solution/Solution.csproj" Id="13516a1f-7301-4dee-bf24-f0344b4e4241" />
  <Project Path="../../../../../../../../BankAccountTraining/LeetCode/TwoSum/TwoSum.csproj" />
</Solution>
